
Microsoft Visual Studio Solution File, Format Version 12.00
# Visual Studio Version 16
VisualStudioVersion = 16.0.33130.400
MinimumVisualStudioVersion = 10.0.40219.1
Project("{9A19103F-16F7-4668-BE54-9A1E7A4F7556}") = "PSProject", "PSProject\PSProject.csproj", "{405D26CD-D342-4ED8-96CE-CFD07FB71372}"
EndProject
Project("{9A19103F-16F7-4668-BE54-9A1E7A4F7556}") = "LanguageFeatures", "LanguageFeatures\LanguageFeatures.csproj", "{C4DADBF2-D3E9-4BBA-9FB8-E90E3F66F090}"
EndProject
Global
	GlobalSection(SolutionConfigurationPlatforms) = preSolution
		Debug|Any CPU = Debug|Any CPU
		Release|Any CPU = Release|Any CPU
	EndGlobalSection
	GlobalSection(ProjectConfigurationPlatforms) = postSolution
		{405D26CD-D342-4ED8-96CE-CFD07FB71372}.Debug|Any CPU.ActiveCfg = Debug|Any CPU
		{405D26CD-D342-4ED8-96CE-CFD07FB71372}.Debug|Any CPU.Build.0 = Debug|Any CPU
		{405D26CD-D342-4ED8-96CE-CFD07FB71372}.Release|Any CPU.ActiveCfg = Release|Any CPU
		{405D26CD-D342-4ED8-96CE-CFD07FB71372}.Release|Any CPU.Build.0 = Release|Any CPU
		{C4DADBF2-D3E9-4BBA-9FB8-E90E3F66F090}.Debug|Any CPU.ActiveCfg = Debug|Any CPU
		{C4DADBF2-D3E9-4BBA-9FB8-E90E3F66F090}.Debug|Any CPU.Build.0 = Debug|Any CPU
		{C4DADBF2-D3E9-4BBA-9FB8-E90E3F66F090}.Release|Any CPU.ActiveCfg = Release|Any CPU
		{C4DADBF2-D3E9-4BBA-9FB8-E90E3F66F090}.Release|Any CPU.Build.0 = Release|Any CPU
	EndGlobalSection
	GlobalSection(SolutionProperties) = preSolution
		HideSolutionNode = FALSE
	EndGlobalSection
	GlobalSection(ExtensibilityGlobals) = postSolution
		SolutionGuid = {77A92ED5-7AEF-4FF7-B0D4-91E09A85007E}
	EndGlobalSection
EndGlobal
