
Microsoft Visual Studio Solution File, Format Version 12.00
# Visual Studio Version 17
VisualStudioVersion = 17.4.33205.214
MinimumVisualStudioVersion = 10.0.40219.1
Project("{FAE04EC0-301F-11D3-BF4B-00C04F79EFBC}") = "Pirat_Vertreter_Besuch_ASP", "Pirat_Vertreter_Besuch_ASP\Pirat_Vertreter_Besuch_ASP.csproj", "{A3F68225-F16A-460E-B72D-3570ACE25CDD}"
EndProject
Global
	GlobalSection(SolutionConfigurationPlatforms) = preSolution
		Debug|Any CPU = Debug|Any CPU
		Release|Any CPU = Release|Any CPU
	EndGlobalSection
	GlobalSection(ProjectConfigurationPlatforms) = postSolution
		{A3F68225-F16A-460E-B72D-3570ACE25CDD}.Debug|Any CPU.ActiveCfg = Debug|Any CPU
		{A3F68225-F16A-460E-B72D-3570ACE25CDD}.Debug|Any CPU.Build.0 = Debug|Any CPU
		{A3F68225-F16A-460E-B72D-3570ACE25CDD}.Release|Any CPU.ActiveCfg = Release|Any CPU
		{A3F68225-F16A-460E-B72D-3570ACE25CDD}.Release|Any CPU.Build.0 = Release|Any CPU
	EndGlobalSection
	GlobalSection(SolutionProperties) = preSolution
		HideSolutionNode = FALSE
	EndGlobalSection
	GlobalSection(ExtensibilityGlobals) = postSolution
		SolutionGuid = {6490DB91-0BB5-41E6-B6CB-EDADC805D6BE}
	EndGlobalSection
EndGlobal
