
Microsoft Visual Studio Solution File, Format Version 12.00
# Visual Studio Version 16
VisualStudioVersion = 16.0.33130.400
MinimumVisualStudioVersion = 10.0.40219.1
Project("{FAE04EC0-301F-11D3-BF4B-00C04F79EFBC}") = "PartyInvites", "PartyInvites\PartyInvites.csproj", "{403931E4-095F-4B7D-93B7-22DDBBC6CBDB}"
EndProject
Global
	GlobalSection(SolutionConfigurationPlatforms) = preSolution
		Debug|Any CPU = Debug|Any CPU
		Release|Any CPU = Release|Any CPU
	EndGlobalSection
	GlobalSection(ProjectConfigurationPlatforms) = postSolution
		{403931E4-095F-4B7D-93B7-22DDBBC6CBDB}.Debug|Any CPU.ActiveCfg = Debug|Any CPU
		{403931E4-095F-4B7D-93B7-22DDBBC6CBDB}.Debug|Any CPU.Build.0 = Debug|Any CPU
		{403931E4-095F-4B7D-93B7-22DDBBC6CBDB}.Release|Any CPU.ActiveCfg = Release|Any CPU
		{403931E4-095F-4B7D-93B7-22DDBBC6CBDB}.Release|Any CPU.Build.0 = Release|Any CPU
	EndGlobalSection
	GlobalSection(SolutionProperties) = preSolution
		HideSolutionNode = FALSE
	EndGlobalSection
	GlobalSection(ExtensibilityGlobals) = postSolution
		SolutionGuid = {F6C36B0A-6B77-4138-B7A7-019B5E1038BE}
	EndGlobalSection
EndGlobal
